
Microsoft Visual Studio Solution File, Format Version 12.00
# Visual Studio Version 17
VisualStudioVersion = 17.7.34031.279
MinimumVisualStudioVersion = 10.0.40219.1
Project("{FAE04EC0-301F-11D3-BF4B-00C04F79EFBC}") = "圓周率計算", "圓周率計算\圓周率計算.csproj", "{AD713652-3770-461F-B7EF-B38134A7AA29}"
EndProject
Global
	GlobalSection(SolutionConfigurationPlatforms) = preSolution
		Debug|Any CPU = Debug|Any CPU
		Release|Any CPU = Release|Any CPU
	EndGlobalSection
	GlobalSection(ProjectConfigurationPlatforms) = postSolution
		{AD713652-3770-461F-B7EF-B38134A7AA29}.Debug|Any CPU.ActiveCfg = Debug|Any CPU
		{AD713652-3770-461F-B7EF-B38134A7AA29}.Debug|Any CPU.Build.0 = Debug|Any CPU
		{AD713652-3770-461F-B7EF-B38134A7AA29}.Release|Any CPU.ActiveCfg = Release|Any CPU
		{AD713652-3770-461F-B7EF-B38134A7AA29}.Release|Any CPU.Build.0 = Release|Any CPU
	EndGlobalSection
	GlobalSection(SolutionProperties) = preSolution
		HideSolutionNode = FALSE
	EndGlobalSection
	GlobalSection(ExtensibilityGlobals) = postSolution
		SolutionGuid = {9F74BEC1-445A-4039-BBCD-47B7684F69FA}
	EndGlobalSection
EndGlobal
